
Microsoft Visual Studio Solution File, Format Version 12.00
# Visual Studio 2015
Project("{FAE04EC0-301F-11D3-BF4B-00C04F79EFBC}") = "Scrapscrapers", "Scrapscrapers.csproj", "{F52346C4-631F-B1A6-77D7-2EE304B81AF9}"
EndProject
Project("{FAE04EC0-301F-11D3-BF4B-00C04F79EFBC}") = "Scrapscrapers.Editor.Plugins", "Scrapscrapers.Editor.Plugins.csproj", "{507AA4D5-C58D-ACBC-3C49-BBF1CA77C916}"
EndProject
Global
	GlobalSection(SolutionConfigurationPlatforms) = preSolution
		Debug|Any CPU = Debug|Any CPU
		Release|Any CPU = Release|Any CPU
	EndGlobalSection
	GlobalSection(ProjectConfigurationPlatforms) = postSolution
		{F52346C4-631F-B1A6-77D7-2EE304B81AF9}.Debug|Any CPU.ActiveCfg = Debug|Any CPU
		{F52346C4-631F-B1A6-77D7-2EE304B81AF9}.Debug|Any CPU.Build.0 = Debug|Any CPU
		{F52346C4-631F-B1A6-77D7-2EE304B81AF9}.Release|Any CPU.ActiveCfg = Release|Any CPU
		{F52346C4-631F-B1A6-77D7-2EE304B81AF9}.Release|Any CPU.Build.0 = Release|Any CPU
		{507AA4D5-C58D-ACBC-3C49-BBF1CA77C916}.Debug|Any CPU.ActiveCfg = Debug|Any CPU
		{507AA4D5-C58D-ACBC-3C49-BBF1CA77C916}.Debug|Any CPU.Build.0 = Debug|Any CPU
		{507AA4D5-C58D-ACBC-3C49-BBF1CA77C916}.Release|Any CPU.ActiveCfg = Release|Any CPU
		{507AA4D5-C58D-ACBC-3C49-BBF1CA77C916}.Release|Any CPU.Build.0 = Release|Any CPU
	EndGlobalSection
	GlobalSection(SolutionProperties) = preSolution
		HideSolutionNode = FALSE
	EndGlobalSection
EndGlobal
